
Microsoft Visual Studio Solution File, Format Version 12.00
# Visual Studio Version 16
VisualStudioVersion = 16.0.29403.142
MinimumVisualStudioVersion = 10.0.40219.1
Project("{FAE04EC0-301F-11D3-BF4B-00C04F79EFBC}") = "FinalProjectGroup2", "FinalProjectGroup2\FinalProjectGroup2.csproj", "{DFED6A9B-F449-4A56-92AD-299B1408B36B}"
EndProject
Global
	GlobalSection(SolutionConfigurationPlatforms) = preSolution
		Debug|Any CPU = Debug|Any CPU
		Release|Any CPU = Release|Any CPU
	EndGlobalSection
	GlobalSection(ProjectConfigurationPlatforms) = postSolution
		{DFED6A9B-F449-4A56-92AD-299B1408B36B}.Debug|Any CPU.ActiveCfg = Debug|Any CPU
		{DFED6A9B-F449-4A56-92AD-299B1408B36B}.Debug|Any CPU.Build.0 = Debug|Any CPU
		{DFED6A9B-F449-4A56-92AD-299B1408B36B}.Release|Any CPU.ActiveCfg = Release|Any CPU
		{DFED6A9B-F449-4A56-92AD-299B1408B36B}.Release|Any CPU.Build.0 = Release|Any CPU
	EndGlobalSection
	GlobalSection(SolutionProperties) = preSolution
		HideSolutionNode = FALSE
	EndGlobalSection
	GlobalSection(ExtensibilityGlobals) = postSolution
		SolutionGuid = {A96D69A2-771E-4DEE-9530-0898FBF4678E}
	EndGlobalSection
EndGlobal
